<?xml version="1.0" encoding="UTF-8" standalone="yes" ?>
<CodeBlocks_project_file>
	<FileVersion major="1" minor="6" />
	<Project>
		<Option title="quickfit3" />
		<Option makefile_is_custom="1" />
		<Option execution_dir="." />
		<Option pch_mode="2" />
		<Option compiler="gnu_gcc_compiler_450" />
		<MakeCommands>
			<Build command="$make -f $makefile $target" />
			<CompileFile command="$make -f $makefile $target $file" />
			<Clean command="$make -f $makefile clean" />
			<DistClean command="$make -f $makefile.$target distclean" />
			<AskRebuildNeeded command="$make -q -f $makefile $target" />
			<SilentBuild command="$make -s -f $makefile $target" />
		</MakeCommands>
		<Build>
			<Target title="Debug">
				<Option output="output\quickfit3" prefix_auto="1" extension_auto="1" />
				<Option working_dir="output" />
				<Option object_output="obj\Debug\" />
				<Option type="1" />
				<Option compiler="gnu_gcc_compiler_450" />
				<Compiler>
					<Add option="-g" />
				</Compiler>
				<ExtraCommands>
					<Add before="$(#qt4)/bin/qmake.exe $(PROJECT_NAME).pro" />
				</ExtraCommands>
				<MakeCommands>
					<Build command="$make -f $makefile $target" />
					<CompileFile command="$make -f $makefile $target $file" />
					<Clean command="$make -f $makefile clean" />
					<DistClean command="$make -f $makefile.$target distclean" />
					<AskRebuildNeeded command="$make -q -f $makefile $target" />
					<SilentBuild command="$make -s -f $makefile $target" />
				</MakeCommands>
			</Target>
			<Target title="Release">
				<Option output="quickfit3" prefix_auto="1" extension_auto="1" />
				<Option working_dir="output" />
				<Option object_output="obj\Release\" />
				<Option type="1" />
				<Option compiler="gnu_gcc_compiler_450" />
				<ExtraCommands>
					<Add before="$(#qt4)/bin/qmake.exe $(PROJECT_NAME).pro" />
				</ExtraCommands>
				<MakeCommands>
					<Build command="$make -f $makefile $target" />
					<CompileFile command="$make -f $makefile $target $file" />
					<Clean command="$make -f $makefile clean" />
					<DistClean command="$make -f $makefile.$target distclean" />
					<AskRebuildNeeded command="$make -q -f $makefile $target" />
					<SilentBuild command="$make -s -f $makefile $target" />
				</MakeCommands>
			</Target>
		</Build>
		<Compiler>
			<Add option="-O2" />
		</Compiler>
		<Linker>
			<Add option="-s" />
		</Linker>
		<ExtraCommands>
			<Add before="$(#qt4)/bin/qmake.exe $(PROJECT_NAME).pro" />
		</ExtraCommands>
		<Unit filename="application\about.ui" />
		<Unit filename="application\application.pro" />
		<Unit filename="application\main.cpp" />
		<Unit filename="application\mainwindow.cpp" />
		<Unit filename="application\mainwindow.h" />
		<Unit filename="application\optionsdialog.cpp" />
		<Unit filename="application\optionsdialog.h" />
		<Unit filename="application\optionsdialog.ui" />
		<Unit filename="application\quickfit3.qrc" />
		<Unit filename="application\version.h" />
		<Unit filename="doc\Doxyfile" />
		<Unit filename="doc\application.dox" />
		<Unit filename="doc\lib.dox">
			<Option compilerVar="CC" />
			<Option compile="1" />
			<Option link="1" />
		</Unit>
		<Unit filename="doc\plugins.dox">
			<Option target="&lt;{~None~}&gt;" />
		</Unit>
		<Unit filename="lib\dlg_newproperty.ui" />
		<Unit filename="lib\dlgnewproperty.cpp" />
		<Unit filename="lib\dlgnewproperty.h" />
		<Unit filename="lib\lib.pro" />
		<Unit filename="lib\programoptions.cpp" />
		<Unit filename="lib\programoptions.h" />
		<Unit filename="lib\qfevaluationeditor.cpp" />
		<Unit filename="lib\qfevaluationeditor.h" />
		<Unit filename="lib\qfevaluationitem.cpp" />
		<Unit filename="lib\qfevaluationitem.h" />
		<Unit filename="lib\qfevaluationitemfactory.cpp" />
		<Unit filename="lib\qfevaluationitemfactory.h" />
		<Unit filename="lib\qfevaluationpropertyeditor.cpp" />
		<Unit filename="lib\qfevaluationpropertyeditor.h" />
		<Unit filename="lib\qffitalgorithm.cpp" />
		<Unit filename="lib\qffitalgorithm.h" />
		<Unit filename="lib\qffitalgorithmmanager.cpp" />
		<Unit filename="lib\qffitalgorithmmanager.h" />
		<Unit filename="lib\qffitfunction.h" />
		<Unit filename="lib\qffitfunctionmanager.cpp" />
		<Unit filename="lib\qffitfunctionmanager.h" />
		<Unit filename="lib\qfpluginevaluation.h" />
		<Unit filename="lib\qfpluginfitalgorithm.h" />
		<Unit filename="lib\qfpluginfitfunction.h" />
		<Unit filename="lib\qfpluginrawdata.h" />
		<Unit filename="lib\qfpluginservices.h" />
		<Unit filename="lib\qfproject.cpp" />
		<Unit filename="lib\qfproject.h" />
		<Unit filename="lib\qfprojectrawdatamodel.cpp" />
		<Unit filename="lib\qfprojectrawdatamodel.h" />
		<Unit filename="lib\qfprojecttreemodel.cpp" />
		<Unit filename="lib\qfprojecttreemodel.h" />
		<Unit filename="lib\qfproperties.cpp" />
		<Unit filename="lib\qfproperties.h" />
		<Unit filename="lib\qfrawdataeditor.cpp" />
		<Unit filename="lib\qfrawdataeditor.h" />
		<Unit filename="lib\qfrawdatapropertyeditor.cpp" />
		<Unit filename="lib\qfrawdatapropertyeditor.h" />
		<Unit filename="lib\qfrawdatarecord.cpp" />
		<Unit filename="lib\qfrawdatarecord.h" />
		<Unit filename="lib\qfrawdatarecordfactory.cpp" />
		<Unit filename="lib\qfrawdatarecordfactory.h" />
		<Unit filename="lib\qfrdrpropertymodel.cpp" />
		<Unit filename="lib\qfrdrpropertymodel.h" />
		<Unit filename="lib\qfrdrresultsmodel.cpp" />
		<Unit filename="lib\qfrdrresultsmodel.h" />
		<Unit filename="libqf3widgets\datacutslider.cpp" />
		<Unit filename="libqf3widgets\datacutslider.h" />
		<Unit filename="libqf3widgets\libqf3widgets.pro" />
		<Unit filename="libqf3widgets\numberedit.cpp" />
		<Unit filename="libqf3widgets\numberedit.h" />
		<Unit filename="libqf3widgets\qehtreeview.cpp" />
		<Unit filename="libqf3widgets\qehtreeview.h" />
		<Unit filename="libqf3widgets\qfhtmlhelpwindow.cpp" />
		<Unit filename="libqf3widgets\qfhtmlhelpwindow.h" />
		<Unit filename="plugins\fcs\alv5000tools.cpp" />
		<Unit filename="plugins\fcs\alv5000tools.h" />
		<Unit filename="plugins\fcs\dlg_csvparameters.ui" />
		<Unit filename="plugins\fcs\dlgcsvparameters.cpp" />
		<Unit filename="plugins\fcs\dlgcsvparameters.h" />
		<Unit filename="plugins\fcs\fcs.pro" />
		<Unit filename="plugins\fcs\qfprdrfcs.cpp" />
		<Unit filename="plugins\fcs\qfprdrfcs.h" />
		<Unit filename="plugins\fcs\qfrdrfcs.cbp" />
		<Unit filename="plugins\fcs\qfrdrfcs.qrc" />
		<Unit filename="plugins\fcs\qfrdrfcscorrelationeditor.cpp" />
		<Unit filename="plugins\fcs\qfrdrfcscorrelationeditor.h" />
		<Unit filename="plugins\fcs\qfrdrfcsdata.cpp" />
		<Unit filename="plugins\fcs\qfrdrfcsdata.h" />
		<Unit filename="plugins\fcs\qfrdrfcsdatainterface.h" />
		<Unit filename="plugins\fcs\qfrdrfcsrateeditor.cpp" />
		<Unit filename="plugins\fcs\qfrdrfcsrateeditor.h" />
		<Unit filename="plugins\fcs_fitfuctions\fcs_fitfuctions.cpp" />
		<Unit filename="plugins\fcs_fitfuctions\fcs_fitfuctions.h" />
		<Unit filename="plugins\fcs_fitfuctions\fcs_fitfuctions.pro" />
		<Unit filename="plugins\fcsfit\fcsfit.pro" />
		<Unit filename="plugins\fcsfit\qfevalfcsfit.cbp" />
		<Unit filename="plugins\fcsfit\qfevalfcsfit.qrc" />
		<Unit filename="plugins\fcsfit\qffcsfitevaluation.cpp" />
		<Unit filename="plugins\fcsfit\qffcsfitevaluation.h" />
		<Unit filename="plugins\fcsfit\qffcsfitevaluationeditor.cpp" />
		<Unit filename="plugins\fcsfit\qffcsfitevaluationeditor.h" />
		<Unit filename="plugins\fcsfit\qfpevalfcsfit.cpp" />
		<Unit filename="plugins\fcsfit\qfpevalfcsfit.h" />
		<Unit filename="plugins\table\dlg_csvparameters.ui" />
		<Unit filename="plugins\table\dlgcsvparameters.cpp" />
		<Unit filename="plugins\table\dlgcsvparameters.h" />
		<Unit filename="plugins\table\qfprdrtable.cpp" />
		<Unit filename="plugins\table\qfprdrtable.h" />
		<Unit filename="plugins\table\qfrdrtable.cbp" />
		<Unit filename="plugins\table\qfrdrtable.cpp" />
		<Unit filename="plugins\table\qfrdrtable.h" />
		<Unit filename="plugins\table\qfrdrtable.qrc" />
		<Unit filename="plugins\table\qfrdrtableeditor.cpp" />
		<Unit filename="plugins\table\qfrdrtableeditor.h" />
		<Unit filename="plugins\table\qftablemodel.cpp" />
		<Unit filename="plugins\table\qftablemodel.h" />
		<Unit filename="plugins\table\table.pro" />
		<Unit filename="quickfit3.pro" />
		<Unit filename="..\..\..\LIB\trunk\qt\qtshortcutwidgets.h">
			<Option target="&lt;{~None~}&gt;" />
		</Unit>
		<Unit filename="..\..\..\lib\trunk\datatable2.cpp" />
		<Unit filename="..\..\..\lib\trunk\datatable2.h" />
		<Unit filename="..\..\..\lib\trunk\qt\jkqtmathtext.cpp" />
		<Unit filename="..\..\..\lib\trunk\qt\jkqtmathtext.h" />
		<Unit filename="..\..\..\lib\trunk\qt\jkqtpbaseelements.cpp" />
		<Unit filename="..\..\..\lib\trunk\qt\jkqtpbaseelements.h" />
		<Unit filename="..\..\..\lib\trunk\qt\jkqtpbaseplotter.cpp" />
		<Unit filename="..\..\..\lib\trunk\qt\jkqtpbaseplotter.h" />
		<Unit filename="..\..\..\lib\trunk\qt\jkqtpbaseplotter.qrc" />
		<Unit filename="..\..\..\lib\trunk\qt\jkqtpdatastorage.cpp" />
		<Unit filename="..\..\..\lib\trunk\qt\jkqtpdatastorage.h" />
		<Unit filename="..\..\..\lib\trunk\qt\jkqtpelements.cpp" />
		<Unit filename="..\..\..\lib\trunk\qt\jkqtpelements.h" />
		<Unit filename="..\..\..\lib\trunk\qt\jkqtplotter.cpp" />
		<Unit filename="..\..\..\lib\trunk\qt\jkqtplotter.h" />
		<Unit filename="..\..\..\lib\trunk\qt\jkqtptools.cpp" />
		<Unit filename="..\..\..\lib\trunk\qt\jkqtptools.h" />
		<Unit filename="..\..\..\lib\trunk\qt\jkqttools.cpp" />
		<Unit filename="..\..\..\lib\trunk\qt\jkqttools.h" />
		<Unit filename="..\..\..\lib\trunk\qt\qtlogfile.cpp" />
		<Unit filename="..\..\..\lib\trunk\qt\qtlogfile.h" />
		<Unit filename="..\..\..\lib\trunk\tools.cpp" />
		<Unit filename="..\..\..\lib\trunk\tools.h" />
		<Extensions>
			<code_completion>
				<search_path add="$(#qt4)/include" />
				<search_path add="$(#qt4)\include\include\ActiveQt" />
				<search_path add="$(#qt4)\include\Phonon" />
				<search_path add="$(#qt4)\include\Qt" />
				<search_path add="$(#qt4)\include\QtCore" />
				<search_path add="$(#qt4)\include\QtGui" />
				<search_path add="$(#qt4)\include\QtNetwork" />
				<search_path add="$(#qt4)\include\QtOpenGL" />
				<search_path add="$(#qt4)\include\QtHelp" />
				<search_path add="$(#qt4)\include\QtScript" />
				<search_path add="$(#qt4)\include\QtScriptTools" />
				<search_path add="$(#qt4)\include\QtSql" />
				<search_path add="$(#qt4)\include\QtSvg" />
				<search_path add="$(#qt4)\include\QtWebKit" />
				<search_path add="$(#qt4)\include\QtXml" />
				<search_path add="$(#qt4)\include\QtXmlPatterns" />
			</code_completion>
			<envvars />
			<debugger />
			<lib_finder disable_auto="1" />
			<AutoVersioning>
				<Scheme minor_max="10" build_max="0" rev_max="0" rev_rand_max="10" build_times_to_increment_minor="100" />
				<Settings autoincrement="0" date_declarations="1" do_auto_increment="1" ask_to_increment="0" language="C++" svn="0" svn_directory="" header_path="application\version.h" />
				<Changes_Log show_changes_editor="0" app_title="released version %M.%m.%b of %p" changeslog_path="ChangesLog.txt" />
				<Code header_guard="VERSION_H" namespace="AutoVersion" prefix="" />
			</AutoVersioning>
			<DoxyBlocks>
				<comment_style block="3" line="0" />
				<doxyfile_project output_directory="doc" use_auto_version="1" />
				<doxyfile_build extract_all="1" />
				<doxyfile_warnings />
				<doxyfile_output />
				<doxyfile_dot class_diagrams="1" have_dot="1" />
				<general />
			</DoxyBlocks>
		</Extensions>
	</Project>
</CodeBlocks_project_file>
