<?xml version="1.0" encoding="UTF-8" standalone="yes" ?>
<CodeBlocks_project_file>
	<FileVersion major="1" minor="6" />
	<Project>
		<Option title="multitau-msd_test" />
		<Option makefile_is_custom="1" />
		<Option pch_mode="2" />
		<Option compiler="gnu_gcc_compiler_440" />
		<MakeCommands>
			<Build command="$make -f $makefile" />
			<CompileFile command="$make -f $makefile $file" />
			<Clean command="$make -f $makefile clean" />
			<DistClean command="$make -f $makefile distclean$target" />
			<AskRebuildNeeded command="$make -q -f $makefile" />
			<SilentBuild command="$make -s -f $makefile " />
		</MakeCommands>
		<Build>
			<Target title="Debug">
				<Option output="test" prefix_auto="1" extension_auto="1" />
				<Option type="1" />
				<Option compiler="gnu_gcc_compiler_440" />
				<Compiler>
					<Add option="-Wextra" />
					<Add option="-Wall" />
					<Add option="-g" />
				</Compiler>
				<MakeCommands>
					<Build command="$make -f $makefile" />
					<CompileFile command="$make -f $makefile $file" />
					<Clean command="$make -f $makefile clean" />
					<DistClean command="$make -f $makefile distclean$target" />
					<AskRebuildNeeded command="$make -q -f $makefile" />
					<SilentBuild command="$make -s -f $makefile" />
				</MakeCommands>
			</Target>
		</Build>
		<Compiler>
			<Add option="-Wall" />
			<Add option="-fexceptions" />
		</Compiler>
		<Unit filename="..\..\MersenneTwister.h" />
		<Unit filename="..\..\highrestimer.cpp" />
		<Unit filename="..\..\highrestimer.h" />
		<Unit filename="..\..\multitau-msd.h" />
		<Unit filename="..\..\shiftregister.h" />
		<Unit filename="..\..\statistics_tools.cpp" />
		<Unit filename="..\..\statistics_tools.h" />
		<Unit filename="Makefile" />
		<Unit filename="main.cpp" />
		<Unit filename="..\..\tools.cpp" />
		<Unit filename="..\..\tools.h" />
		<Extensions>
			<code_completion />
			<envvars />
			<debugger />
		</Extensions>
	</Project>
</CodeBlocks_project_file>
